schema: '2.0'
stages:
  preprocess:
    cmd: python3 src/data/preprocess.py --img-size 224 --raw-dir data/raw 
      --out-dir data/processed
    deps:
    - path: data/raw
      hash: md5
      md5: c9ea321ba23c4be564da16f9137accc8.dir
      size: 125536801
      nfiles: 4489
    - path: src/data/preprocess.py
      hash: md5
      md5: c181297379177e244140533dd1ef3ba5
      size: 9444
    outs:
    - path: data/processed
      hash: md5
      md5: 0b70b6afb12e8c29f81bfe586b220e28.dir
      size: 22480035
      nfiles: 4
  train:
    cmd: python3 src/training/train.py --epochs 1 --img-size 224 --batch 16
    deps:
    - path: data/processed
      hash: md5
      md5: 0b70b6afb12e8c29f81bfe586b220e28.dir
      size: 22480035
      nfiles: 4
    - path: src/training/train.py
      hash: md5
      md5: 1a4eb0e446ed4951e25160d561108bd8
      size: 7381
    outs:
    - path: data/yolo
      hash: md5
      md5: f0604f89117ef2d37535c225af204b2c.dir
      size: 23564484
      nfiles: 2993
    - path: metrics.json
      hash: md5
      md5: a6d133751acb46b5ff03700045a894c5
      size: 224
    - path: mlflow-history-prod
      hash: md5
      md5: d751713988987e9331980363e24189ce.dir
      size: 0
      nfiles: 0
    - path: mlflow_run.txt
      hash: md5
      md5: fd6e4f8ae4e6eeb372d1cd3a8fe280c6
      size: 179
    - path: runs
      hash: md5
      md5: 43f4f3f4af42074f424c3b2ef9bd8794.dir
      size: 15227065
      nfiles: 21
