schema: '2.0'
stages:
  preprocess:
    cmd: python3 src/data/preprocess.py --img-size 640 --raw-dir data/raw 
      --out-dir data/processed
    deps:
    - path: data/raw
      hash: md5
      md5: c9ea321ba23c4be564da16f9137accc8.dir
      size: 125536801
      nfiles: 4489
    - path: src/data/preprocess.py
      hash: md5
      md5: c181297379177e244140533dd1ef3ba5
      size: 9444
    outs:
    - path: data/processed
      hash: md5
      md5: 62fb04cc0b7539be90c5c7e4cd19e3fe.dir
      size: 108732755
      nfiles: 4
  train:
    cmd: python3 src/training/train.py --epochs 10 --img-size 640 --batch 16
    deps:
    - path: data/processed
      hash: md5
      md5: 62fb04cc0b7539be90c5c7e4cd19e3fe.dir
      size: 108732755
      nfiles: 4
    - path: src/training/train.py
      hash: md5
      md5: 4bfa869eb454e0c9b53f7e2431a8f81f
      size: 10290
    outs:
    - path: data/yolo
      hash: md5
      md5: 3b2864bec24d5e21a72700863e3c9765.dir
      size: 82645792
      nfiles: 2993
    - path: metrics.json
      hash: md5
      md5: 07dc353c5aced7bffacdd948991d5b22
      size: 181
